
Microsoft Visual Studio Solution File, Format Version 12.00
# Visual Studio Version 16
VisualStudioVersion = 16.0.30523.141
MinimumVisualStudioVersion = 10.0.40219.1
Project("{FAE04EC0-301F-11D3-BF4B-00C04F79EFBC}") = "ApplicationToDrawTheShapes", "ApplicationToDrawTheShapes\ApplicationToDrawTheShapes.csproj", "{CE5BCEAF-687D-4790-BF9E-9F43A141D287}"
EndProject
Global
	GlobalSection(SolutionConfigurationPlatforms) = preSolution
		Debug|Any CPU = Debug|Any CPU
		Release|Any CPU = Release|Any CPU
	EndGlobalSection
	GlobalSection(ProjectConfigurationPlatforms) = postSolution
		{CE5BCEAF-687D-4790-BF9E-9F43A141D287}.Debug|Any CPU.ActiveCfg = Debug|Any CPU
		{CE5BCEAF-687D-4790-BF9E-9F43A141D287}.Debug|Any CPU.Build.0 = Debug|Any CPU
		{CE5BCEAF-687D-4790-BF9E-9F43A141D287}.Release|Any CPU.ActiveCfg = Release|Any CPU
		{CE5BCEAF-687D-4790-BF9E-9F43A141D287}.Release|Any CPU.Build.0 = Release|Any CPU
	EndGlobalSection
	GlobalSection(SolutionProperties) = preSolution
		HideSolutionNode = FALSE
	EndGlobalSection
	GlobalSection(ExtensibilityGlobals) = postSolution
		SolutionGuid = {A9E14BC6-6117-483A-A648-B3206D55C5BC}
	EndGlobalSection
EndGlobal
